
Microsoft Visual Studio Solution File, Format Version 12.00
# Visual Studio Version 17
VisualStudioVersion = 17.9.34723.18
MinimumVisualStudioVersion = 10.0.40219.1
Project("{8BC9CEB8-8B4A-11D0-8D11-00A0C91BC942}") = "課題１", "C++実習課題\C++実習課題.vcxproj", "{037BC565-55B5-4025-859B-52661640157C}"
EndProject
Project("{8BC9CEB8-8B4A-11D0-8D11-00A0C91BC942}") = "課題２", "課題２\課題２.vcxproj", "{B275F47B-FFF6-4472-949E-78E4289A87F6}"
EndProject
Project("{8BC9CEB8-8B4A-11D0-8D11-00A0C91BC942}") = "課題３", "課題３\課題３.vcxproj", "{9B485E3C-49BA-43B6-B07D-EE5C647CFF02}"
EndProject
Project("{8BC9CEB8-8B4A-11D0-8D11-00A0C91BC942}") = "課題４", "課題４\課題４.vcxproj", "{957752A0-9A40-43D5-BA45-A3D8F61B51A0}"
EndProject
Project("{8BC9CEB8-8B4A-11D0-8D11-00A0C91BC942}") = "課題５", "課題５\課題５.vcxproj", "{283B4D54-0701-4698-9B96-987396BA7245}"
EndProject
Project("{8BC9CEB8-8B4A-11D0-8D11-00A0C91BC942}") = "課題６", "課題6\課題6.vcxproj", "{A4064A6A-356A-4BDE-A847-7CF058669893}"
EndProject
Global
	GlobalSection(SolutionConfigurationPlatforms) = preSolution
		Debug|x64 = Debug|x64
		Debug|x86 = Debug|x86
		Release|x64 = Release|x64
		Release|x86 = Release|x86
	EndGlobalSection
	GlobalSection(ProjectConfigurationPlatforms) = postSolution
		{037BC565-55B5-4025-859B-52661640157C}.Debug|x64.ActiveCfg = Debug|x64
		{037BC565-55B5-4025-859B-52661640157C}.Debug|x64.Build.0 = Debug|x64
		{037BC565-55B5-4025-859B-52661640157C}.Debug|x86.ActiveCfg = Debug|Win32
		{037BC565-55B5-4025-859B-52661640157C}.Debug|x86.Build.0 = Debug|Win32
		{037BC565-55B5-4025-859B-52661640157C}.Release|x64.ActiveCfg = Release|x64
		{037BC565-55B5-4025-859B-52661640157C}.Release|x64.Build.0 = Release|x64
		{037BC565-55B5-4025-859B-52661640157C}.Release|x86.ActiveCfg = Release|Win32
		{037BC565-55B5-4025-859B-52661640157C}.Release|x86.Build.0 = Release|Win32
		{B275F47B-FFF6-4472-949E-78E4289A87F6}.Debug|x64.ActiveCfg = Debug|x64
		{B275F47B-FFF6-4472-949E-78E4289A87F6}.Debug|x64.Build.0 = Debug|x64
		{B275F47B-FFF6-4472-949E-78E4289A87F6}.Debug|x86.ActiveCfg = Debug|Win32
		{B275F47B-FFF6-4472-949E-78E4289A87F6}.Debug|x86.Build.0 = Debug|Win32
		{B275F47B-FFF6-4472-949E-78E4289A87F6}.Release|x64.ActiveCfg = Release|x64
		{B275F47B-FFF6-4472-949E-78E4289A87F6}.Release|x64.Build.0 = Release|x64
		{B275F47B-FFF6-4472-949E-78E4289A87F6}.Release|x86.ActiveCfg = Release|Win32
		{B275F47B-FFF6-4472-949E-78E4289A87F6}.Release|x86.Build.0 = Release|Win32
		{9B485E3C-49BA-43B6-B07D-EE5C647CFF02}.Debug|x64.ActiveCfg = Debug|x64
		{9B485E3C-49BA-43B6-B07D-EE5C647CFF02}.Debug|x64.Build.0 = Debug|x64
		{9B485E3C-49BA-43B6-B07D-EE5C647CFF02}.Debug|x86.ActiveCfg = Debug|Win32
		{9B485E3C-49BA-43B6-B07D-EE5C647CFF02}.Debug|x86.Build.0 = Debug|Win32
		{9B485E3C-49BA-43B6-B07D-EE5C647CFF02}.Release|x64.ActiveCfg = Release|x64
		{9B485E3C-49BA-43B6-B07D-EE5C647CFF02}.Release|x64.Build.0 = Release|x64
		{9B485E3C-49BA-43B6-B07D-EE5C647CFF02}.Release|x86.ActiveCfg = Release|Win32
		{9B485E3C-49BA-43B6-B07D-EE5C647CFF02}.Release|x86.Build.0 = Release|Win32
		{957752A0-9A40-43D5-BA45-A3D8F61B51A0}.Debug|x64.ActiveCfg = Debug|x64
		{957752A0-9A40-43D5-BA45-A3D8F61B51A0}.Debug|x64.Build.0 = Debug|x64
		{957752A0-9A40-43D5-BA45-A3D8F61B51A0}.Debug|x86.ActiveCfg = Debug|Win32
		{957752A0-9A40-43D5-BA45-A3D8F61B51A0}.Debug|x86.Build.0 = Debug|Win32
		{957752A0-9A40-43D5-BA45-A3D8F61B51A0}.Release|x64.ActiveCfg = Release|x64
		{957752A0-9A40-43D5-BA45-A3D8F61B51A0}.Release|x64.Build.0 = Release|x64
		{957752A0-9A40-43D5-BA45-A3D8F61B51A0}.Release|x86.ActiveCfg = Release|Win32
		{957752A0-9A40-43D5-BA45-A3D8F61B51A0}.Release|x86.Build.0 = Release|Win32
		{283B4D54-0701-4698-9B96-987396BA7245}.Debug|x64.ActiveCfg = Debug|x64
		{283B4D54-0701-4698-9B96-987396BA7245}.Debug|x64.Build.0 = Debug|x64
		{283B4D54-0701-4698-9B96-987396BA7245}.Debug|x86.ActiveCfg = Debug|Win32
		{283B4D54-0701-4698-9B96-987396BA7245}.Debug|x86.Build.0 = Debug|Win32
		{283B4D54-0701-4698-9B96-987396BA7245}.Release|x64.ActiveCfg = Release|x64
		{283B4D54-0701-4698-9B96-987396BA7245}.Release|x64.Build.0 = Release|x64
		{283B4D54-0701-4698-9B96-987396BA7245}.Release|x86.ActiveCfg = Release|Win32
		{283B4D54-0701-4698-9B96-987396BA7245}.Release|x86.Build.0 = Release|Win32
		{A4064A6A-356A-4BDE-A847-7CF058669893}.Debug|x64.ActiveCfg = Debug|x64
		{A4064A6A-356A-4BDE-A847-7CF058669893}.Debug|x64.Build.0 = Debug|x64
		{A4064A6A-356A-4BDE-A847-7CF058669893}.Debug|x86.ActiveCfg = Debug|Win32
		{A4064A6A-356A-4BDE-A847-7CF058669893}.Debug|x86.Build.0 = Debug|Win32
		{A4064A6A-356A-4BDE-A847-7CF058669893}.Release|x64.ActiveCfg = Release|x64
		{A4064A6A-356A-4BDE-A847-7CF058669893}.Release|x64.Build.0 = Release|x64
		{A4064A6A-356A-4BDE-A847-7CF058669893}.Release|x86.ActiveCfg = Release|Win32
		{A4064A6A-356A-4BDE-A847-7CF058669893}.Release|x86.Build.0 = Release|Win32
	EndGlobalSection
	GlobalSection(SolutionProperties) = preSolution
		HideSolutionNode = FALSE
	EndGlobalSection
	GlobalSection(ExtensibilityGlobals) = postSolution
		SolutionGuid = {4153DFB1-0339-4A15-AB78-78228F0C300A}
	EndGlobalSection
EndGlobal
